
Microsoft Visual Studio Solution File, Format Version 12.00
# Visual Studio 15
VisualStudioVersion = 15.0.28307.1525
MinimumVisualStudioVersion = 10.0.40219.1
Project("{FAE04EC0-301F-11D3-BF4B-00C04F79EFBC}") = "ProjetoZero", "ProjetoZero\ProjetoZero.csproj", "{DAECFDF0-8B49-47BE-8B44-1B79F0555BF7}"
EndProject
Global
	GlobalSection(SolutionConfigurationPlatforms) = preSolution
		Debug|Any CPU = Debug|Any CPU
		Release|Any CPU = Release|Any CPU
	EndGlobalSection
	GlobalSection(ProjectConfigurationPlatforms) = postSolution
		{DAECFDF0-8B49-47BE-8B44-1B79F0555BF7}.Debug|Any CPU.ActiveCfg = Debug|Any CPU
		{DAECFDF0-8B49-47BE-8B44-1B79F0555BF7}.Debug|Any CPU.Build.0 = Debug|Any CPU
		{DAECFDF0-8B49-47BE-8B44-1B79F0555BF7}.Release|Any CPU.ActiveCfg = Release|Any CPU
		{DAECFDF0-8B49-47BE-8B44-1B79F0555BF7}.Release|Any CPU.Build.0 = Release|Any CPU
	EndGlobalSection
	GlobalSection(SolutionProperties) = preSolution
		HideSolutionNode = FALSE
	EndGlobalSection
	GlobalSection(ExtensibilityGlobals) = postSolution
		SolutionGuid = {462673DF-9B87-44EE-B9E5-A0B35923DA2D}
	EndGlobalSection
EndGlobal
